// !$*UTF8*$!
{
	archiveVersion = 1;
	classes = {
	};
	objectVersion = 56;
	objects = {

/* Begin PBXBuildFile section */
		4C94C4E029DE45A800DBF102 /* SplashViewModel.swift in Sources */ = {isa = PBXBuildFile; fileRef = 4C94C4DF29DE45A800DBF102 /* SplashViewModel.swift */; };
		4C94C4E329DE477300DBF102 /* SplashView.swift in Sources */ = {isa = PBXBuildFile; fileRef = 4C94C4E229DE477300DBF102 /* SplashView.swift */; };
		4C94C4E729DE496100DBF102 /* DPButton.swift in Sources */ = {isa = PBXBuildFile; fileRef = 4C94C4E629DE496100DBF102 /* DPButton.swift */; };
		4CEF9AB029DE3FE3000C620A /* AppDelegate.swift in Sources */ = {isa = PBXBuildFile; fileRef = 4CEF9AAF29DE3FE3000C620A /* AppDelegate.swift */; };
		4CEF9AB229DE3FE3000C620A /* SceneDelegate.swift in Sources */ = {isa = PBXBuildFile; fileRef = 4CEF9AB129DE3FE3000C620A /* SceneDelegate.swift */; };
		4CEF9AB929DE3FE7000C620A /* Assets.xcassets in Resources */ = {isa = PBXBuildFile; fileRef = 4CEF9AB829DE3FE7000C620A /* Assets.xcassets */; };
		4CEF9ABC29DE3FE7000C620A /* LaunchScreen.storyboard in Resources */ = {isa = PBXBuildFile; fileRef = 4CEF9ABA29DE3FE7000C620A /* LaunchScreen.storyboard */; };
		4CEF9AC729DE4339000C620A /* SplashViewController.swift in Sources */ = {isa = PBXBuildFile; fileRef = 4CEF9AC629DE4339000C620A /* SplashViewController.swift */; };
		64C514F129E2509800A24265 /* ConfigurableView.swift in Sources */ = {isa = PBXBuildFile; fileRef = 64C514F029E2509800A24265 /* ConfigurableView.swift */; };
		64C514F329E255DF00A24265 /* DPLoading.swift in Sources */ = {isa = PBXBuildFile; fileRef = 64C514F229E255DF00A24265 /* DPLoading.swift */; };
		64C514F529E258FF00A24265 /* DPTitleLabel.swift in Sources */ = {isa = PBXBuildFile; fileRef = 64C514F429E258FF00A24265 /* DPTitleLabel.swift */; };
		64C514F829E2670F00A24265 /* OnboardingViewController.swift in Sources */ = {isa = PBXBuildFile; fileRef = 64C514F729E2670F00A24265 /* OnboardingViewController.swift */; };
		64C514FA29E26A9E00A24265 /* OnboardingView.swift in Sources */ = {isa = PBXBuildFile; fileRef = 64C514F929E26A9E00A24265 /* OnboardingView.swift */; };
		64C514FD29E2765000A24265 /* UIView+extensions.swift in Sources */ = {isa = PBXBuildFile; fileRef = 64C514FC29E2765000A24265 /* UIView+extensions.swift */; };
		64C5150029E3854E00A24265 /* HomeViewController.swift in Sources */ = {isa = PBXBuildFile; fileRef = 64C514FF29E3854E00A24265 /* HomeViewController.swift */; };
		64C5150229E3855B00A24265 /* HomeView.swift in Sources */ = {isa = PBXBuildFile; fileRef = 64C5150129E3855B00A24265 /* HomeView.swift */; };
		64C5150529E3890B00A24265 /* CoinModel.swift in Sources */ = {isa = PBXBuildFile; fileRef = 64C5150429E3890B00A24265 /* CoinModel.swift */; };
		64C5150729E3891B00A24265 /* WalletModel.swift in Sources */ = {isa = PBXBuildFile; fileRef = 64C5150629E3891B00A24265 /* WalletModel.swift */; };
		64C5152829EB863100A24265 /* Colors+extensions.swift in Sources */ = {isa = PBXBuildFile; fileRef = 64C5152729EB863100A24265 /* Colors+extensions.swift */; };
		64C5152B29ECC77200A24265 /* Constants.swift in Sources */ = {isa = PBXBuildFile; fileRef = 64C5152A29ECC77200A24265 /* Constants.swift */; };
		64C5152D29ECD10000A24265 /* UIImage+extensions.swift in Sources */ = {isa = PBXBuildFile; fileRef = 64C5152C29ECD10000A24265 /* UIImage+extensions.swift */; };
		64C5152F29ECD1BB00A24265 /* OnboardingViewModel.swift in Sources */ = {isa = PBXBuildFile; fileRef = 64C5152E29ECD1BB00A24265 /* OnboardingViewModel.swift */; };
/* End PBXBuildFile section */

/* Begin PBXFileReference section */
		4C94C4DF29DE45A800DBF102 /* SplashViewModel.swift */ = {isa = PBXFileReference; lastKnownFileType = sourcecode.swift; path = SplashViewModel.swift; sourceTree = "<group>"; };
		4C94C4E229DE477300DBF102 /* SplashView.swift */ = {isa = PBXFileReference; lastKnownFileType = sourcecode.swift; path = SplashView.swift; sourceTree = "<group>"; };
		4C94C4E629DE496100DBF102 /* DPButton.swift */ = {isa = PBXFileReference; lastKnownFileType = sourcecode.swift; path = DPButton.swift; sourceTree = "<group>"; };
		4CEF9AAC29DE3FE3000C620A /* ConvertMoney.app */ = {isa = PBXFileReference; explicitFileType = wrapper.application; includeInIndex = 0; path = ConvertMoney.app; sourceTree = BUILT_PRODUCTS_DIR; };
		4CEF9AAF29DE3FE3000C620A /* AppDelegate.swift */ = {isa = PBXFileReference; lastKnownFileType = sourcecode.swift; path = AppDelegate.swift; sourceTree = "<group>"; };
		4CEF9AB129DE3FE3000C620A /* SceneDelegate.swift */ = {isa = PBXFileReference; lastKnownFileType = sourcecode.swift; path = SceneDelegate.swift; sourceTree = "<group>"; };
		4CEF9AB829DE3FE7000C620A /* Assets.xcassets */ = {isa = PBXFileReference; lastKnownFileType = folder.assetcatalog; path = Assets.xcassets; sourceTree = "<group>"; };
		4CEF9ABB29DE3FE7000C620A /* Base */ = {isa = PBXFileReference; lastKnownFileType = file.storyboard; name = Base; path = Base.lproj/LaunchScreen.storyboard; sourceTree = "<group>"; };
		4CEF9ABD29DE3FE7000C620A /* Info.plist */ = {isa = PBXFileReference; lastKnownFileType = text.plist.xml; path = Info.plist; sourceTree = "<group>"; };
		4CEF9AC629DE4339000C620A /* SplashViewController.swift */ = {isa = PBXFileReference; lastKnownFileType = sourcecode.swift; path = SplashViewController.swift; sourceTree = "<group>"; };
		64C514F029E2509800A24265 /* ConfigurableView.swift */ = {isa = PBXFileReference; lastKnownFileType = sourcecode.swift; path = ConfigurableView.swift; sourceTree = "<group>"; };
		64C514F229E255DF00A24265 /* DPLoading.swift */ = {isa = PBXFileReference; lastKnownFileType = sourcecode.swift; path = DPLoading.swift; sourceTree = "<group>"; };
		64C514F429E258FF00A24265 /* DPTitleLabel.swift */ = {isa = PBXFileReference; lastKnownFileType = sourcecode.swift; path = DPTitleLabel.swift; sourceTree = "<group>"; };
		64C514F729E2670F00A24265 /* OnboardingViewController.swift */ = {isa = PBXFileReference; lastKnownFileType = sourcecode.swift; path = OnboardingViewController.swift; sourceTree = "<group>"; };
		64C514F929E26A9E00A24265 /* OnboardingView.swift */ = {isa = PBXFileReference; lastKnownFileType = sourcecode.swift; path = OnboardingView.swift; sourceTree = "<group>"; };
		64C514FC29E2765000A24265 /* UIView+extensions.swift */ = {isa = PBXFileReference; lastKnownFileType = sourcecode.swift; path = "UIView+extensions.swift"; sourceTree = "<group>"; };
		64C514FF29E3854E00A24265 /* HomeViewController.swift */ = {isa = PBXFileReference; lastKnownFileType = sourcecode.swift; path = HomeViewController.swift; sourceTree = "<group>"; };
		64C5150129E3855B00A24265 /* HomeView.swift */ = {isa = PBXFileReference; lastKnownFileType = sourcecode.swift; path = HomeView.swift; sourceTree = "<group>"; };
		64C5150429E3890B00A24265 /* CoinModel.swift */ = {isa = PBXFileReference; lastKnownFileType = sourcecode.swift; path = CoinModel.swift; sourceTree = "<group>"; };
		64C5150629E3891B00A24265 /* WalletModel.swift */ = {isa = PBXFileReference; lastKnownFileType = sourcecode.swift; path = WalletModel.swift; sourceTree = "<group>"; };
		64C5152729EB863100A24265 /* Colors+extensions.swift */ = {isa = PBXFileReference; lastKnownFileType = sourcecode.swift; path = "Colors+extensions.swift"; sourceTree = "<group>"; };
		64C5152A29ECC77200A24265 /* Constants.swift */ = {isa = PBXFileReference; lastKnownFileType = sourcecode.swift; path = Constants.swift; sourceTree = "<group>"; };
		64C5152C29ECD10000A24265 /* UIImage+extensions.swift */ = {isa = PBXFileReference; lastKnownFileType = sourcecode.swift; path = "UIImage+extensions.swift"; sourceTree = "<group>"; };
		64C5152E29ECD1BB00A24265 /* OnboardingViewModel.swift */ = {isa = PBXFileReference; lastKnownFileType = sourcecode.swift; path = OnboardingViewModel.swift; sourceTree = "<group>"; };
/* End PBXFileReference section */

/* Begin PBXFrameworksBuildPhase section */
		4CEF9AA929DE3FE3000C620A /* Frameworks */ = {
			isa = PBXFrameworksBuildPhase;
			buildActionMask = 2147483647;
			files = (
			);
			runOnlyForDeploymentPostprocessing = 0;
		};
/* End PBXFrameworksBuildPhase section */

/* Begin PBXGroup section */
		4C94C4E429DE494900DBF102 /* Helpers */ = {
			isa = PBXGroup;
			children = (
				64C5152929ECC75F00A24265 /* Devices */,
				64C514FB29E2763D00A24265 /* Extension */,
				4C94C4E829DE4C3B00DBF102 /* ViewCode */,
				4C94C4E529DE495600DBF102 /* Components */,
			);
			path = Helpers;
			sourceTree = "<group>";
		};
		4C94C4E529DE495600DBF102 /* Components */ = {
			isa = PBXGroup;
			children = (
				4C94C4E629DE496100DBF102 /* DPButton.swift */,
				64C514F229E255DF00A24265 /* DPLoading.swift */,
				64C514F429E258FF00A24265 /* DPTitleLabel.swift */,
			);
			path = Components;
			sourceTree = "<group>";
		};
		4C94C4E829DE4C3B00DBF102 /* ViewCode */ = {
			isa = PBXGroup;
			children = (
				64C514F029E2509800A24265 /* ConfigurableView.swift */,
			);
			path = ViewCode;
			sourceTree = "<group>";
		};
		4CEF9AA329DE3FE3000C620A = {
			isa = PBXGroup;
			children = (
				4CEF9AAE29DE3FE3000C620A /* ConvertMoney */,
				4CEF9AAD29DE3FE3000C620A /* Products */,
			);
			sourceTree = "<group>";
		};
		4CEF9AAD29DE3FE3000C620A /* Products */ = {
			isa = PBXGroup;
			children = (
				4CEF9AAC29DE3FE3000C620A /* ConvertMoney.app */,
			);
			name = Products;
			sourceTree = "<group>";
		};
		4CEF9AAE29DE3FE3000C620A /* ConvertMoney */ = {
			isa = PBXGroup;
			children = (
				4C94C4E429DE494900DBF102 /* Helpers */,
				64C5150329E388C700A24265 /* Model */,
				4CEF9AC429DE4316000C620A /* Features */,
				4CEF9AC329DE430C000C620A /* Application */,
				4CEF9AB829DE3FE7000C620A /* Assets.xcassets */,
				4CEF9ABA29DE3FE7000C620A /* LaunchScreen.storyboard */,
				4CEF9ABD29DE3FE7000C620A /* Info.plist */,
			);
			path = ConvertMoney;
			sourceTree = "<group>";
		};
		4CEF9AC329DE430C000C620A /* Application */ = {
			isa = PBXGroup;
			children = (
				4CEF9AAF29DE3FE3000C620A /* AppDelegate.swift */,
				4CEF9AB129DE3FE3000C620A /* SceneDelegate.swift */,
			);
			path = Application;
			sourceTree = "<group>";
		};
		4CEF9AC429DE4316000C620A /* Features */ = {
			isa = PBXGroup;
			children = (
				64C514FE29E3853300A24265 /* Home */,
				64C514F629E266EA00A24265 /* Onboarding */,
				4CEF9AC529DE432C000C620A /* Splash */,
			);
			path = Features;
			sourceTree = "<group>";
		};
		4CEF9AC529DE432C000C620A /* Splash */ = {
			isa = PBXGroup;
			children = (
				4CEF9AC629DE4339000C620A /* SplashViewController.swift */,
				4C94C4DF29DE45A800DBF102 /* SplashViewModel.swift */,
				4C94C4E229DE477300DBF102 /* SplashView.swift */,
			);
			path = Splash;
			sourceTree = "<group>";
		};
		64C514F629E266EA00A24265 /* Onboarding */ = {
			isa = PBXGroup;
			children = (
				64C514F729E2670F00A24265 /* OnboardingViewController.swift */,
				64C514F929E26A9E00A24265 /* OnboardingView.swift */,
				64C5152E29ECD1BB00A24265 /* OnboardingViewModel.swift */,
			);
			path = Onboarding;
			sourceTree = "<group>";
		};
		64C514FB29E2763D00A24265 /* Extension */ = {
			isa = PBXGroup;
			children = (
				64C514FC29E2765000A24265 /* UIView+extensions.swift */,
				64C5152729EB863100A24265 /* Colors+extensions.swift */,
				64C5152C29ECD10000A24265 /* UIImage+extensions.swift */,
			);
			path = Extension;
			sourceTree = "<group>";
		};
		64C514FE29E3853300A24265 /* Home */ = {
			isa = PBXGroup;
			children = (
				64C514FF29E3854E00A24265 /* HomeViewController.swift */,
				64C5150129E3855B00A24265 /* HomeView.swift */,
			);
			path = Home;
			sourceTree = "<group>";
		};
		64C5150329E388C700A24265 /* Model */ = {
			isa = PBXGroup;
			children = (
				64C5150429E3890B00A24265 /* CoinModel.swift */,
				64C5150629E3891B00A24265 /* WalletModel.swift */,
			);
			path = Model;
			sourceTree = "<group>";
		};
		64C5152929ECC75F00A24265 /* Devices */ = {
			isa = PBXGroup;
			children = (
				64C5152A29ECC77200A24265 /* Constants.swift */,
			);
			path = Devices;
			sourceTree = "<group>";
		};
/* End PBXGroup section */

/* Begin PBXNativeTarget section */
		4CEF9AAB29DE3FE3000C620A /* ConvertMoney */ = {
			isa = PBXNativeTarget;
			buildConfigurationList = 4CEF9AC029DE3FE7000C620A /* Build configuration list for PBXNativeTarget "ConvertMoney" */;
			buildPhases = (
				4CEF9AA829DE3FE3000C620A /* Sources */,
				4CEF9AA929DE3FE3000C620A /* Frameworks */,
				4CEF9AAA29DE3FE3000C620A /* Resources */,
			);
			buildRules = (
			);
			dependencies = (
			);
			name = ConvertMoney;
			productName = ConvertMoney;
			productReference = 4CEF9AAC29DE3FE3000C620A /* ConvertMoney.app */;
			productType = "com.apple.product-type.application";
		};
/* End PBXNativeTarget section */

/* Begin PBXProject section */
		4CEF9AA429DE3FE3000C620A /* Project object */ = {
			isa = PBXProject;
			attributes = {
				BuildIndependentTargetsInParallel = 1;
				LastSwiftUpdateCheck = 1420;
				LastUpgradeCheck = 1420;
				TargetAttributes = {
					4CEF9AAB29DE3FE3000C620A = {
						CreatedOnToolsVersion = 14.2;
					};
				};
			};
			buildConfigurationList = 4CEF9AA729DE3FE3000C620A /* Build configuration list for PBXProject "ConvertMoney" */;
			compatibilityVersion = "Xcode 14.0";
			developmentRegion = en;
			hasScannedForEncodings = 0;
			knownRegions = (
				en,
				Base,
			);
			mainGroup = 4CEF9AA329DE3FE3000C620A;
			productRefGroup = 4CEF9AAD29DE3FE3000C620A /* Products */;
			projectDirPath = "";
			projectRoot = "";
			targets = (
				4CEF9AAB29DE3FE3000C620A /* ConvertMoney */,
			);
		};
/* End PBXProject section */

/* Begin PBXResourcesBuildPhase section */
		4CEF9AAA29DE3FE3000C620A /* Resources */ = {
			isa = PBXResourcesBuildPhase;
			buildActionMask = 2147483647;
			files = (
				4CEF9ABC29DE3FE7000C620A /* LaunchScreen.storyboard in Resources */,
				4CEF9AB929DE3FE7000C620A /* Assets.xcassets in Resources */,
			);
			runOnlyForDeploymentPostprocessing = 0;
		};
/* End PBXResourcesBuildPhase section */

/* Begin PBXSourcesBuildPhase section */
		4CEF9AA829DE3FE3000C620A /* Sources */ = {
			isa = PBXSourcesBuildPhase;
			buildActionMask = 2147483647;
			files = (
				64C514FD29E2765000A24265 /* UIView+extensions.swift in Sources */,
				64C5150229E3855B00A24265 /* HomeView.swift in Sources */,
				4CEF9AC729DE4339000C620A /* SplashViewController.swift in Sources */,
				4CEF9AB029DE3FE3000C620A /* AppDelegate.swift in Sources */,
				4C94C4E329DE477300DBF102 /* SplashView.swift in Sources */,
				4CEF9AB229DE3FE3000C620A /* SceneDelegate.swift in Sources */,
				64C5150729E3891B00A24265 /* WalletModel.swift in Sources */,
				64C514F329E255DF00A24265 /* DPLoading.swift in Sources */,
				64C514F529E258FF00A24265 /* DPTitleLabel.swift in Sources */,
				64C514FA29E26A9E00A24265 /* OnboardingView.swift in Sources */,
				64C514F129E2509800A24265 /* ConfigurableView.swift in Sources */,
				64C5150529E3890B00A24265 /* CoinModel.swift in Sources */,
				64C514F829E2670F00A24265 /* OnboardingViewController.swift in Sources */,
				64C5152829EB863100A24265 /* Colors+extensions.swift in Sources */,
				4C94C4E029DE45A800DBF102 /* SplashViewModel.swift in Sources */,
				64C5152F29ECD1BB00A24265 /* OnboardingViewModel.swift in Sources */,
				64C5152D29ECD10000A24265 /* UIImage+extensions.swift in Sources */,
				64C5150029E3854E00A24265 /* HomeViewController.swift in Sources */,
				4C94C4E729DE496100DBF102 /* DPButton.swift in Sources */,
				64C5152B29ECC77200A24265 /* Constants.swift in Sources */,
			);
			runOnlyForDeploymentPostprocessing = 0;
		};
/* End PBXSourcesBuildPhase section */

/* Begin PBXVariantGroup section */
		4CEF9ABA29DE3FE7000C620A /* LaunchScreen.storyboard */ = {
			isa = PBXVariantGroup;
			children = (
				4CEF9ABB29DE3FE7000C620A /* Base */,
			);
			name = LaunchScreen.storyboard;
			sourceTree = "<group>";
		};
/* End PBXVariantGroup section */

/* Begin XCBuildConfiguration section */
		4CEF9ABE29DE3FE7000C620A /* Debug */ = {
			isa = XCBuildConfiguration;
			buildSettings = {
				ALWAYS_SEARCH_USER_PATHS = NO;
				CLANG_ANALYZER_NONNULL = YES;
				CLANG_ANALYZER_NUMBER_OBJECT_CONVERSION = YES_AGGRESSIVE;
				CLANG_CXX_LANGUAGE_STANDARD = "gnu++20";
				CLANG_ENABLE_MODULES = YES;
				CLANG_ENABLE_OBJC_ARC = YES;
				CLANG_ENABLE_OBJC_WEAK = YES;
				CLANG_WARN_BLOCK_CAPTURE_AUTORELEASING = YES;
				CLANG_WARN_BOOL_CONVERSION = YES;
				CLANG_WARN_COMMA = YES;
				CLANG_WARN_CONSTANT_CONVERSION = YES;
				CLANG_WARN_DEPRECATED_OBJC_IMPLEMENTATIONS = YES;
				CLANG_WARN_DIRECT_OBJC_ISA_USAGE = YES_ERROR;
				CLANG_WARN_DOCUMENTATION_COMMENTS = YES;
				CLANG_WARN_EMPTY_BODY = YES;
				CLANG_WARN_ENUM_CONVERSION = YES;
				CLANG_WARN_INFINITE_RECURSION = YES;
				CLANG_WARN_INT_CONVERSION = YES;
				CLANG_WARN_NON_LITERAL_NULL_CONVERSION = YES;
				CLANG_WARN_OBJC_IMPLICIT_RETAIN_SELF = YES;
				CLANG_WARN_OBJC_LITERAL_CONVERSION = YES;
				CLANG_WARN_OBJC_ROOT_CLASS = YES_ERROR;
				CLANG_WARN_QUOTED_INCLUDE_IN_FRAMEWORK_HEADER = YES;
				CLANG_WARN_RANGE_LOOP_ANALYSIS = YES;
				CLANG_WARN_STRICT_PROTOTYPES = YES;
				CLANG_WARN_SUSPICIOUS_MOVE = YES;
				CLANG_WARN_UNGUARDED_AVAILABILITY = YES_AGGRESSIVE;
				CLANG_WARN_UNREACHABLE_CODE = YES;
				CLANG_WARN__DUPLICATE_METHOD_MATCH = YES;
				COPY_PHASE_STRIP = NO;
				DEBUG_INFORMATION_FORMAT = dwarf;
				ENABLE_STRICT_OBJC_MSGSEND = YES;
				ENABLE_TESTABILITY = YES;
				GCC_C_LANGUAGE_STANDARD = gnu11;
				GCC_DYNAMIC_NO_PIC = NO;
				GCC_NO_COMMON_BLOCKS = YES;
				GCC_OPTIMIZATION_LEVEL = 0;
				GCC_PREPROCESSOR_DEFINITIONS = (
					"DEBUG=1",
					"$(inherited)",
				);
				GCC_WARN_64_TO_32_BIT_CONVERSION = YES;
				GCC_WARN_ABOUT_RETURN_TYPE = YES_ERROR;
				GCC_WARN_UNDECLARED_SELECTOR = YES;
				GCC_WARN_UNINITIALIZED_AUTOS = YES_AGGRESSIVE;
				GCC_WARN_UNUSED_FUNCTION = YES;
				GCC_WARN_UNUSED_VARIABLE = YES;
				IPHONEOS_DEPLOYMENT_TARGET = 16.2;
				MTL_ENABLE_DEBUG_INFO = INCLUDE_SOURCE;
				MTL_FAST_MATH = YES;
				ONLY_ACTIVE_ARCH = YES;
				SDKROOT = iphoneos;
				SWIFT_ACTIVE_COMPILATION_CONDITIONS = DEBUG;
				SWIFT_OPTIMIZATION_LEVEL = "-Onone";
			};
			name = Debug;
		};
		4CEF9ABF29DE3FE7000C620A /* Release */ = {
			isa = XCBuildConfiguration;
			buildSettings = {
				ALWAYS_SEARCH_USER_PATHS = NO;
				CLANG_ANALYZER_NONNULL = YES;
				CLANG_ANALYZER_NUMBER_OBJECT_CONVERSION = YES_AGGRESSIVE;
				CLANG_CXX_LANGUAGE_STANDARD = "gnu++20";
				CLANG_ENABLE_MODULES = YES;
				CLANG_ENABLE_OBJC_ARC = YES;
				CLANG_ENABLE_OBJC_WEAK = YES;
				CLANG_WARN_BLOCK_CAPTURE_AUTORELEASING = YES;
				CLANG_WARN_BOOL_CONVERSION = YES;
				CLANG_WARN_COMMA = YES;
				CLANG_WARN_CONSTANT_CONVERSION = YES;
				CLANG_WARN_DEPRECATED_OBJC_IMPLEMENTATIONS = YES;
				CLANG_WARN_DIRECT_OBJC_ISA_USAGE = YES_ERROR;
				CLANG_WARN_DOCUMENTATION_COMMENTS = YES;
				CLANG_WARN_EMPTY_BODY = YES;
				CLANG_WARN_ENUM_CONVERSION = YES;
				CLANG_WARN_INFINITE_RECURSION = YES;
				CLANG_WARN_INT_CONVERSION = YES;
				CLANG_WARN_NON_LITERAL_NULL_CONVERSION = YES;
				CLANG_WARN_OBJC_IMPLICIT_RETAIN_SELF = YES;
				CLANG_WARN_OBJC_LITERAL_CONVERSION = YES;
				CLANG_WARN_OBJC_ROOT_CLASS = YES_ERROR;
				CLANG_WARN_QUOTED_INCLUDE_IN_FRAMEWORK_HEADER = YES;
				CLANG_WARN_RANGE_LOOP_ANALYSIS = YES;
				CLANG_WARN_STRICT_PROTOTYPES = YES;
				CLANG_WARN_SUSPICIOUS_MOVE = YES;
				CLANG_WARN_UNGUARDED_AVAILABILITY = YES_AGGRESSIVE;
				CLANG_WARN_UNREACHABLE_CODE = YES;
				CLANG_WARN__DUPLICATE_METHOD_MATCH = YES;
				COPY_PHASE_STRIP = NO;
				DEBUG_INFORMATION_FORMAT = "dwarf-with-dsym";
				ENABLE_NS_ASSERTIONS = NO;
				ENABLE_STRICT_OBJC_MSGSEND = YES;
				GCC_C_LANGUAGE_STANDARD = gnu11;
				GCC_NO_COMMON_BLOCKS = YES;
				GCC_WARN_64_TO_32_BIT_CONVERSION = YES;
				GCC_WARN_ABOUT_RETURN_TYPE = YES_ERROR;
				GCC_WARN_UNDECLARED_SELECTOR = YES;
				GCC_WARN_UNINITIALIZED_AUTOS = YES_AGGRESSIVE;
				GCC_WARN_UNUSED_FUNCTION = YES;
				GCC_WARN_UNUSED_VARIABLE = YES;
				IPHONEOS_DEPLOYMENT_TARGET = 16.2;
				MTL_ENABLE_DEBUG_INFO = NO;
				MTL_FAST_MATH = YES;
				SDKROOT = iphoneos;
				SWIFT_COMPILATION_MODE = wholemodule;
				SWIFT_OPTIMIZATION_LEVEL = "-O";
				VALIDATE_PRODUCT = YES;
			};
			name = Release;
		};
		4CEF9AC129DE3FE7000C620A /* Debug */ = {
			isa = XCBuildConfiguration;
			buildSettings = {
				ASSETCATALOG_COMPILER_APPICON_NAME = AppIcon;
				ASSETCATALOG_COMPILER_GLOBAL_ACCENT_COLOR_NAME = AccentColor;
				CODE_SIGN_STYLE = Automatic;
				CURRENT_PROJECT_VERSION = 1;
				DEVELOPMENT_TEAM = BF2YF4NNR9;
				GENERATE_INFOPLIST_FILE = YES;
				INFOPLIST_FILE = ConvertMoney/Info.plist;
				INFOPLIST_KEY_CFBundleDisplayName = "Convert Money";
				INFOPLIST_KEY_UIApplicationSupportsIndirectInputEvents = YES;
				INFOPLIST_KEY_UILaunchStoryboardName = LaunchScreen.storyboard;
				INFOPLIST_KEY_UISupportedInterfaceOrientations = UIInterfaceOrientationPortrait;
				INFOPLIST_KEY_UISupportedInterfaceOrientations_iPad = "UIInterfaceOrientationLandscapeLeft UIInterfaceOrientationLandscapeRight UIInterfaceOrientationPortrait UIInterfaceOrientationPortraitUpsideDown";
				LD_RUNPATH_SEARCH_PATHS = (
					"$(inherited)",
					"@executable_path/Frameworks",
				);
				MARKETING_VERSION = 1.0;
				PRODUCT_BUNDLE_IDENTIFIER = com.devpoli.ConvertMoney;
				PRODUCT_NAME = "$(TARGET_NAME)";
				SWIFT_EMIT_LOC_STRINGS = YES;
				SWIFT_VERSION = 5.0;
				TARGETED_DEVICE_FAMILY = "1,2";
			};
			name = Debug;
		};
		4CEF9AC229DE3FE7000C620A /* Release */ = {
			isa = XCBuildConfiguration;
			buildSettings = {
				ASSETCATALOG_COMPILER_APPICON_NAME = AppIcon;
				ASSETCATALOG_COMPILER_GLOBAL_ACCENT_COLOR_NAME = AccentColor;
				CODE_SIGN_STYLE = Automatic;
				CURRENT_PROJECT_VERSION = 1;
				DEVELOPMENT_TEAM = BF2YF4NNR9;
				GENERATE_INFOPLIST_FILE = YES;
				INFOPLIST_FILE = ConvertMoney/Info.plist;
				INFOPLIST_KEY_CFBundleDisplayName = "Convert Money";
				INFOPLIST_KEY_UIApplicationSupportsIndirectInputEvents = YES;
				INFOPLIST_KEY_UILaunchStoryboardName = LaunchScreen.storyboard;
				INFOPLIST_KEY_UISupportedInterfaceOrientations = UIInterfaceOrientationPortrait;
				INFOPLIST_KEY_UISupportedInterfaceOrientations_iPad = "UIInterfaceOrientationLandscapeLeft UIInterfaceOrientationLandscapeRight UIInterfaceOrientationPortrait UIInterfaceOrientationPortraitUpsideDown";
				LD_RUNPATH_SEARCH_PATHS = (
					"$(inherited)",
					"@executable_path/Frameworks",
				);
				MARKETING_VERSION = 1.0;
				PRODUCT_BUNDLE_IDENTIFIER = com.devpoli.ConvertMoney;
				PRODUCT_NAME = "$(TARGET_NAME)";
				SWIFT_EMIT_LOC_STRINGS = YES;
				SWIFT_VERSION = 5.0;
				TARGETED_DEVICE_FAMILY = "1,2";
			};
			name = Release;
		};
/* End XCBuildConfiguration section */

/* Begin XCConfigurationList section */
		4CEF9AA729DE3FE3000C620A /* Build configuration list for PBXProject "ConvertMoney" */ = {
			isa = XCConfigurationList;
			buildConfigurations = (
				4CEF9ABE29DE3FE7000C620A /* Debug */,
				4CEF9ABF29DE3FE7000C620A /* Release */,
			);
			defaultConfigurationIsVisible = 0;
			defaultConfigurationName = Release;
		};
		4CEF9AC029DE3FE7000C620A /* Build configuration list for PBXNativeTarget "ConvertMoney" */ = {
			isa = XCConfigurationList;
			buildConfigurations = (
				4CEF9AC129DE3FE7000C620A /* Debug */,
				4CEF9AC229DE3FE7000C620A /* Release */,
			);
			defaultConfigurationIsVisible = 0;
			defaultConfigurationName = Release;
		};
/* End XCConfigurationList section */
	};
	rootObject = 4CEF9AA429DE3FE3000C620A /* Project object */;
}
